# This file is automatically @generated by Cargo.
# It is not intended for manual editing.
version = 3

[[package]]
name = "cc"
version = "1.0.72"
source = "registry+https://github.com/rust-lang/crates.io-index"
checksum = "22a9137b95ea06864e018375b72adfb7db6e6f68cfc8df5a04d00288050485ee"

[[package]]
name = "cmake"
version = "0.1.48"
source = "registry+https://github.com/rust-lang/crates.io-index"
checksum = "e8ad8cef104ac57b68b89df3208164d228503abbdce70f6880ffa3d970e7443a"
dependencies = [
 "cc",
]

[[package]]
name = "fs_extra"
version = "1.2.0"
source = "registry+https://github.com/rust-lang/crates.io-index"
checksum = "2022715d62ab30faffd124d40b76f4134a550a87792276512b18d63272333394"

[[package]]
name = "ncnn-sys"
version = "0.1.7"
dependencies = [
 "cmake",
 "fs_extra",
 "path-absolutize",
]

[[package]]
name = "once_cell"
version = "1.9.0"
source = "registry+https://github.com/rust-lang/crates.io-index"
checksum = "da32515d9f6e6e489d7bc9d84c71b060db7247dc035bbe44eac88cf87486d8d5"

[[package]]
name = "path-absolutize"
version = "3.0.11"
source = "registry+https://github.com/rust-lang/crates.io-index"
checksum = "b288298a7a3a7b42539e3181ba590d32f2d91237b0691ed5f103875c754b3bf5"
dependencies = [
 "path-dedot",
]

[[package]]
name = "path-dedot"
version = "3.0.14"
source = "registry+https://github.com/rust-lang/crates.io-index"
checksum = "4bfa72956f6be8524f7f7e2b07972dda393cb0008a6df4451f658b7e1bd1af80"
dependencies = [
 "once_cell",
]
