# This file is automatically @generated by Cargo.
# It is not intended for manual editing.
[[package]]
name = "cc"
version = "1.0.41"
source = "registry+https://github.com/rust-lang/crates.io-index"

[[package]]
name = "cmake"
version = "0.1.44"
source = "registry+https://github.com/rust-lang/crates.io-index"
dependencies = [
 "cc 1.0.41 (registry+https://github.com/rust-lang/crates.io-index)",
]

[[package]]
name = "fs_extra"
version = "1.1.0"
source = "registry+https://github.com/rust-lang/crates.io-index"

[[package]]
name = "lazy_static"
version = "1.4.0"
source = "registry+https://github.com/rust-lang/crates.io-index"

[[package]]
name = "ncnn-sys"
version = "0.1.2"
dependencies = [
 "cmake 0.1.44 (registry+https://github.com/rust-lang/crates.io-index)",
 "fs_extra 1.1.0 (registry+https://github.com/rust-lang/crates.io-index)",
 "path-absolutize 3.0.0 (registry+https://github.com/rust-lang/crates.io-index)",
]

[[package]]
name = "path-absolutize"
version = "3.0.0"
source = "registry+https://github.com/rust-lang/crates.io-index"
dependencies = [
 "path-dedot 3.0.0 (registry+https://github.com/rust-lang/crates.io-index)",
]

[[package]]
name = "path-dedot"
version = "3.0.0"
source = "registry+https://github.com/rust-lang/crates.io-index"
dependencies = [
 "lazy_static 1.4.0 (registry+https://github.com/rust-lang/crates.io-index)",
]

[metadata]
"checksum cc 1.0.41 (registry+https://github.com/rust-lang/crates.io-index)" = "8dae9c4b8fedcae85592ba623c4fd08cfdab3e3b72d6df780c6ead964a69bfff"
"checksum cmake 0.1.44 (registry+https://github.com/rust-lang/crates.io-index)" = "0e56268c17a6248366d66d4a47a3381369d068cce8409bb1716ed77ea32163bb"
"checksum fs_extra 1.1.0 (registry+https://github.com/rust-lang/crates.io-index)" = "5f2a4a2034423744d2cc7ca2068453168dcdb82c438419e639a26bd87839c674"
"checksum lazy_static 1.4.0 (registry+https://github.com/rust-lang/crates.io-index)" = "e2abad23fbc42b3700f2f279844dc832adb2b2eb069b2df918f455c4e18cc646"
"checksum path-absolutize 3.0.0 (registry+https://github.com/rust-lang/crates.io-index)" = "f1151aea90ff97148966f342fb433ecb0dec41fc3438ace92077f9ac864ffd54"
"checksum path-dedot 3.0.0 (registry+https://github.com/rust-lang/crates.io-index)" = "66dccdbc1522117f72e51fe0b7110a3e7106063f0cc6750a4cd889f3d9a758c3"
